
Microsoft Visual Studio Solution File, Format Version 12.00
Project("{FAE04EC0-301F-11D3-BF4B-00C04F79EFBC}") = "PracticePlugin", "PracticePlugin/PracticePlugin.csproj", "{D17D0F85-B6E9-4FF0-B0AE-E82D1EC1D184}"
EndProject
Global
	GlobalSection(SolutionConfigurationPlatforms) = preSolution
		Debug|Any CPU = Debug|Any CPU
		Release|Any CPU = Release|Any CPU
	EndGlobalSection
	GlobalSection(ProjectConfigurationPlatforms) = postSolution
		{D17D0F85-B6E9-4FF0-B0AE-E82D1EC1D184}.Debug|Any CPU.ActiveCfg = Debug|Any CPU
		{D17D0F85-B6E9-4FF0-B0AE-E82D1EC1D184}.Debug|Any CPU.Build.0 = Debug|Any CPU
		{D17D0F85-B6E9-4FF0-B0AE-E82D1EC1D184}.Release|Any CPU.ActiveCfg = Release|Any CPU
		{D17D0F85-B6E9-4FF0-B0AE-E82D1EC1D184}.Release|Any CPU.Build.0 = Release|Any CPU
	EndGlobalSection
EndGlobal
